// !$*UTF8*$!
{
	archiveVersion = 1;
	classes = {
	};
	objectVersion = 56;
	objects = {

/* Begin PBXBuildFile section */
		F52986F02BF0A74A006A41EE /* TransactionList.swift in Sources */ = {isa = PBXBuildFile; fileRef = F52986EF2BF0A74A006A41EE /* TransactionList.swift */; };
		F52986F32BF0CDD0006A41EE /* Collections in Frameworks */ = {isa = PBXBuildFile; productRef = F52986F22BF0CDD0006A41EE /* Collections */; };
		F52986FC2BF0D9D9006A41EE /* SwiftUICharts in Frameworks */ = {isa = PBXBuildFile; productRef = F52986FB2BF0D9D9006A41EE /* SwiftUICharts */; };
		F5C2869D2BEFAC670093213B /* ExpenseTrackerApp.swift in Sources */ = {isa = PBXBuildFile; fileRef = F5C2869C2BEFAC670093213B /* ExpenseTrackerApp.swift */; };
		F5C2869F2BEFAC670093213B /* ContentView.swift in Sources */ = {isa = PBXBuildFile; fileRef = F5C2869E2BEFAC670093213B /* ContentView.swift */; };
		F5C286A12BEFAC680093213B /* Assets.xcassets in Resources */ = {isa = PBXBuildFile; fileRef = F5C286A02BEFAC680093213B /* Assets.xcassets */; };
		F5C286A42BEFAC680093213B /* Preview Assets.xcassets in Resources */ = {isa = PBXBuildFile; fileRef = F5C286A32BEFAC680093213B /* Preview Assets.xcassets */; };
		F5C286AB2BEFAE060093213B /* Extensions.swift in Sources */ = {isa = PBXBuildFile; fileRef = F5C286AA2BEFAE060093213B /* Extensions.swift */; };
		F5C286AD2BEFB3C20093213B /* TransactionModel.swift in Sources */ = {isa = PBXBuildFile; fileRef = F5C286AC2BEFB3C20093213B /* TransactionModel.swift */; };
		F5C286AF2BEFBA320093213B /* PreviewData.swift in Sources */ = {isa = PBXBuildFile; fileRef = F5C286AE2BEFBA320093213B /* PreviewData.swift */; };
		F5C286B12BEFBB220093213B /* TransactionRow.swift in Sources */ = {isa = PBXBuildFile; fileRef = F5C286B02BEFBB220093213B /* TransactionRow.swift */; };
		F5F083EE2BEFDB1600188010 /* SwiftUIFontIcon in Frameworks */ = {isa = PBXBuildFile; productRef = F5F083ED2BEFDB1600188010 /* SwiftUIFontIcon */; };
		F5F083F02BEFDBEB00188010 /* TransactionListViewModel.swift in Sources */ = {isa = PBXBuildFile; fileRef = F5F083EF2BEFDBEB00188010 /* TransactionListViewModel.swift */; };
		F5F083F22BEFF3C400188010 /* RecentTransactionList.swift in Sources */ = {isa = PBXBuildFile; fileRef = F5F083F12BEFF3C400188010 /* RecentTransactionList.swift */; };
/* End PBXBuildFile section */

/* Begin PBXFileReference section */
		F52986EF2BF0A74A006A41EE /* TransactionList.swift */ = {isa = PBXFileReference; lastKnownFileType = sourcecode.swift; path = TransactionList.swift; sourceTree = "<group>"; };
		F5C286992BEFAC670093213B /* ExpenseTracker.app */ = {isa = PBXFileReference; explicitFileType = wrapper.application; includeInIndex = 0; path = ExpenseTracker.app; sourceTree = BUILT_PRODUCTS_DIR; };
		F5C2869C2BEFAC670093213B /* ExpenseTrackerApp.swift */ = {isa = PBXFileReference; lastKnownFileType = sourcecode.swift; path = ExpenseTrackerApp.swift; sourceTree = "<group>"; };
		F5C2869E2BEFAC670093213B /* ContentView.swift */ = {isa = PBXFileReference; lastKnownFileType = sourcecode.swift; path = ContentView.swift; sourceTree = "<group>"; };
		F5C286A02BEFAC680093213B /* Assets.xcassets */ = {isa = PBXFileReference; lastKnownFileType = folder.assetcatalog; path = Assets.xcassets; sourceTree = "<group>"; };
		F5C286A32BEFAC680093213B /* Preview Assets.xcassets */ = {isa = PBXFileReference; lastKnownFileType = folder.assetcatalog; path = "Preview Assets.xcassets"; sourceTree = "<group>"; };
		F5C286AA2BEFAE060093213B /* Extensions.swift */ = {isa = PBXFileReference; lastKnownFileType = sourcecode.swift; path = Extensions.swift; sourceTree = "<group>"; };
		F5C286AC2BEFB3C20093213B /* TransactionModel.swift */ = {isa = PBXFileReference; lastKnownFileType = sourcecode.swift; path = TransactionModel.swift; sourceTree = "<group>"; };
		F5C286AE2BEFBA320093213B /* PreviewData.swift */ = {isa = PBXFileReference; lastKnownFileType = sourcecode.swift; path = PreviewData.swift; sourceTree = "<group>"; };
		F5C286B02BEFBB220093213B /* TransactionRow.swift */ = {isa = PBXFileReference; lastKnownFileType = sourcecode.swift; path = TransactionRow.swift; sourceTree = "<group>"; };
		F5F083EF2BEFDBEB00188010 /* TransactionListViewModel.swift */ = {isa = PBXFileReference; lastKnownFileType = sourcecode.swift; path = TransactionListViewModel.swift; sourceTree = "<group>"; };
		F5F083F12BEFF3C400188010 /* RecentTransactionList.swift */ = {isa = PBXFileReference; lastKnownFileType = sourcecode.swift; path = RecentTransactionList.swift; sourceTree = "<group>"; };
/* End PBXFileReference section */

/* Begin PBXFrameworksBuildPhase section */
		F5C286962BEFAC670093213B /* Frameworks */ = {
			isa = PBXFrameworksBuildPhase;
			buildActionMask = 2147483647;
			files = (
				F52986FC2BF0D9D9006A41EE /* SwiftUICharts in Frameworks */,
				F52986F32BF0CDD0006A41EE /* Collections in Frameworks */,
				F5F083EE2BEFDB1600188010 /* SwiftUIFontIcon in Frameworks */,
			);
			runOnlyForDeploymentPostprocessing = 0;
		};
/* End PBXFrameworksBuildPhase section */

/* Begin PBXGroup section */
		F5C286902BEFAC670093213B = {
			isa = PBXGroup;
			children = (
				F5C2869B2BEFAC670093213B /* ExpenseTracker */,
				F5C2869A2BEFAC670093213B /* Products */,
			);
			sourceTree = "<group>";
		};
		F5C2869A2BEFAC670093213B /* Products */ = {
			isa = PBXGroup;
			children = (
				F5C286992BEFAC670093213B /* ExpenseTracker.app */,
			);
			name = Products;
			sourceTree = "<group>";
		};
		F5C2869B2BEFAC670093213B /* ExpenseTracker */ = {
			isa = PBXGroup;
			children = (
				F5C2869C2BEFAC670093213B /* ExpenseTrackerApp.swift */,
				F5C2869E2BEFAC670093213B /* ContentView.swift */,
				F5C286B02BEFBB220093213B /* TransactionRow.swift */,
				F5F083EF2BEFDBEB00188010 /* TransactionListViewModel.swift */,
				F52986EF2BF0A74A006A41EE /* TransactionList.swift */,
				F5F083F12BEFF3C400188010 /* RecentTransactionList.swift */,
				F5C286AC2BEFB3C20093213B /* TransactionModel.swift */,
				F5C286AA2BEFAE060093213B /* Extensions.swift */,
				F5C286A02BEFAC680093213B /* Assets.xcassets */,
				F5C286A22BEFAC680093213B /* Preview Content */,
			);
			path = ExpenseTracker;
			sourceTree = "<group>";
		};
		F5C286A22BEFAC680093213B /* Preview Content */ = {
			isa = PBXGroup;
			children = (
				F5C286A32BEFAC680093213B /* Preview Assets.xcassets */,
				F5C286AE2BEFBA320093213B /* PreviewData.swift */,
			);
			path = "Preview Content";
			sourceTree = "<group>";
		};
/* End PBXGroup section */

/* Begin PBXNativeTarget section */
		F5C286982BEFAC670093213B /* ExpenseTracker */ = {
			isa = PBXNativeTarget;
			buildConfigurationList = F5C286A72BEFAC680093213B /* Build configuration list for PBXNativeTarget "ExpenseTracker" */;
			buildPhases = (
				F5C286952BEFAC670093213B /* Sources */,
				F5C286962BEFAC670093213B /* Frameworks */,
				F5C286972BEFAC670093213B /* Resources */,
			);
			buildRules = (
			);
			dependencies = (
			);
			name = ExpenseTracker;
			packageProductDependencies = (
				F5F083ED2BEFDB1600188010 /* SwiftUIFontIcon */,
				F52986F22BF0CDD0006A41EE /* Collections */,
				F52986FB2BF0D9D9006A41EE /* SwiftUICharts */,
			);
			productName = ExpenseTracker;
			productReference = F5C286992BEFAC670093213B /* ExpenseTracker.app */;
			productType = "com.apple.product-type.application";
		};
/* End PBXNativeTarget section */

/* Begin PBXProject section */
		F5C286912BEFAC670093213B /* Project object */ = {
			isa = PBXProject;
			attributes = {
				BuildIndependentTargetsInParallel = 1;
				LastSwiftUpdateCheck = 1530;
				LastUpgradeCheck = 1530;
				TargetAttributes = {
					F5C286982BEFAC670093213B = {
						CreatedOnToolsVersion = 15.3;
					};
				};
			};
			buildConfigurationList = F5C286942BEFAC670093213B /* Build configuration list for PBXProject "ExpenseTracker" */;
			compatibilityVersion = "Xcode 14.0";
			developmentRegion = en;
			hasScannedForEncodings = 0;
			knownRegions = (
				en,
				Base,
			);
			mainGroup = F5C286902BEFAC670093213B;
			packageReferences = (
				F5F083EC2BEFDB1600188010 /* XCRemoteSwiftPackageReference "SwiftUIFontIcon" */,
				F52986F12BF0CCEB006A41EE /* XCRemoteSwiftPackageReference "swift-collections" */,
				F52986FA2BF0D9D9006A41EE /* XCRemoteSwiftPackageReference "ChartView" */,
			);
			productRefGroup = F5C2869A2BEFAC670093213B /* Products */;
			projectDirPath = "";
			projectRoot = "";
			targets = (
				F5C286982BEFAC670093213B /* ExpenseTracker */,
			);
		};
/* End PBXProject section */

/* Begin PBXResourcesBuildPhase section */
		F5C286972BEFAC670093213B /* Resources */ = {
			isa = PBXResourcesBuildPhase;
			buildActionMask = 2147483647;
			files = (
				F5C286A42BEFAC680093213B /* Preview Assets.xcassets in Resources */,
				F5C286A12BEFAC680093213B /* Assets.xcassets in Resources */,
			);
			runOnlyForDeploymentPostprocessing = 0;
		};
/* End PBXResourcesBuildPhase section */

/* Begin PBXSourcesBuildPhase section */
		F5C286952BEFAC670093213B /* Sources */ = {
			isa = PBXSourcesBuildPhase;
			buildActionMask = 2147483647;
			files = (
				F5C286AF2BEFBA320093213B /* PreviewData.swift in Sources */,
				F52986F02BF0A74A006A41EE /* TransactionList.swift in Sources */,
				F5F083F22BEFF3C400188010 /* RecentTransactionList.swift in Sources */,
				F5C2869F2BEFAC670093213B /* ContentView.swift in Sources */,
				F5C286AB2BEFAE060093213B /* Extensions.swift in Sources */,
				F5C286B12BEFBB220093213B /* TransactionRow.swift in Sources */,
				F5C286AD2BEFB3C20093213B /* TransactionModel.swift in Sources */,
				F5F083F02BEFDBEB00188010 /* TransactionListViewModel.swift in Sources */,
				F5C2869D2BEFAC670093213B /* ExpenseTrackerApp.swift in Sources */,
			);
			runOnlyForDeploymentPostprocessing = 0;
		};
/* End PBXSourcesBuildPhase section */

/* Begin XCBuildConfiguration section */
		F5C286A52BEFAC680093213B /* Debug */ = {
			isa = XCBuildConfiguration;
			buildSettings = {
				ALWAYS_SEARCH_USER_PATHS = NO;
				ASSETCATALOG_COMPILER_GENERATE_SWIFT_ASSET_SYMBOL_EXTENSIONS = YES;
				CLANG_ANALYZER_NONNULL = YES;
				CLANG_ANALYZER_NUMBER_OBJECT_CONVERSION = YES_AGGRESSIVE;
				CLANG_CXX_LANGUAGE_STANDARD = "gnu++20";
				CLANG_ENABLE_MODULES = YES;
				CLANG_ENABLE_OBJC_ARC = YES;
				CLANG_ENABLE_OBJC_WEAK = YES;
				CLANG_WARN_BLOCK_CAPTURE_AUTORELEASING = YES;
				CLANG_WARN_BOOL_CONVERSION = YES;
				CLANG_WARN_COMMA = YES;
				CLANG_WARN_CONSTANT_CONVERSION = YES;
				CLANG_WARN_DEPRECATED_OBJC_IMPLEMENTATIONS = YES;
				CLANG_WARN_DIRECT_OBJC_ISA_USAGE = YES_ERROR;
				CLANG_WARN_DOCUMENTATION_COMMENTS = YES;
				CLANG_WARN_EMPTY_BODY = YES;
				CLANG_WARN_ENUM_CONVERSION = YES;
				CLANG_WARN_INFINITE_RECURSION = YES;
				CLANG_WARN_INT_CONVERSION = YES;
				CLANG_WARN_NON_LITERAL_NULL_CONVERSION = YES;
				CLANG_WARN_OBJC_IMPLICIT_RETAIN_SELF = YES;
				CLANG_WARN_OBJC_LITERAL_CONVERSION = YES;
				CLANG_WARN_OBJC_ROOT_CLASS = YES_ERROR;
				CLANG_WARN_QUOTED_INCLUDE_IN_FRAMEWORK_HEADER = YES;
				CLANG_WARN_RANGE_LOOP_ANALYSIS = YES;
				CLANG_WARN_STRICT_PROTOTYPES = YES;
				CLANG_WARN_SUSPICIOUS_MOVE = YES;
				CLANG_WARN_UNGUARDED_AVAILABILITY = YES_AGGRESSIVE;
				CLANG_WARN_UNREACHABLE_CODE = YES;
				CLANG_WARN__DUPLICATE_METHOD_MATCH = YES;
				COPY_PHASE_STRIP = NO;
				DEBUG_INFORMATION_FORMAT = dwarf;
				ENABLE_STRICT_OBJC_MSGSEND = YES;
				ENABLE_TESTABILITY = YES;
				ENABLE_USER_SCRIPT_SANDBOXING = YES;
				GCC_C_LANGUAGE_STANDARD = gnu17;
				GCC_DYNAMIC_NO_PIC = NO;
				GCC_NO_COMMON_BLOCKS = YES;
				GCC_OPTIMIZATION_LEVEL = 0;
				GCC_PREPROCESSOR_DEFINITIONS = (
					"DEBUG=1",
					"$(inherited)",
				);
				GCC_WARN_64_TO_32_BIT_CONVERSION = YES;
				GCC_WARN_ABOUT_RETURN_TYPE = YES_ERROR;
				GCC_WARN_UNDECLARED_SELECTOR = YES;
				GCC_WARN_UNINITIALIZED_AUTOS = YES_AGGRESSIVE;
				GCC_WARN_UNUSED_FUNCTION = YES;
				GCC_WARN_UNUSED_VARIABLE = YES;
				IPHONEOS_DEPLOYMENT_TARGET = 17.4;
				LOCALIZATION_PREFERS_STRING_CATALOGS = YES;
				MTL_ENABLE_DEBUG_INFO = INCLUDE_SOURCE;
				MTL_FAST_MATH = YES;
				ONLY_ACTIVE_ARCH = YES;
				SDKROOT = iphoneos;
				SWIFT_ACTIVE_COMPILATION_CONDITIONS = "DEBUG $(inherited)";
				SWIFT_OPTIMIZATION_LEVEL = "-Onone";
			};
			name = Debug;
		};
		F5C286A62BEFAC680093213B /* Release */ = {
			isa = XCBuildConfiguration;
			buildSettings = {
				ALWAYS_SEARCH_USER_PATHS = NO;
				ASSETCATALOG_COMPILER_GENERATE_SWIFT_ASSET_SYMBOL_EXTENSIONS = YES;
				CLANG_ANALYZER_NONNULL = YES;
				CLANG_ANALYZER_NUMBER_OBJECT_CONVERSION = YES_AGGRESSIVE;
				CLANG_CXX_LANGUAGE_STANDARD = "gnu++20";
				CLANG_ENABLE_MODULES = YES;
				CLANG_ENABLE_OBJC_ARC = YES;
				CLANG_ENABLE_OBJC_WEAK = YES;
				CLANG_WARN_BLOCK_CAPTURE_AUTORELEASING = YES;
				CLANG_WARN_BOOL_CONVERSION = YES;
				CLANG_WARN_COMMA = YES;
				CLANG_WARN_CONSTANT_CONVERSION = YES;
				CLANG_WARN_DEPRECATED_OBJC_IMPLEMENTATIONS = YES;
				CLANG_WARN_DIRECT_OBJC_ISA_USAGE = YES_ERROR;
				CLANG_WARN_DOCUMENTATION_COMMENTS = YES;
				CLANG_WARN_EMPTY_BODY = YES;
				CLANG_WARN_ENUM_CONVERSION = YES;
				CLANG_WARN_INFINITE_RECURSION = YES;
				CLANG_WARN_INT_CONVERSION = YES;
				CLANG_WARN_NON_LITERAL_NULL_CONVERSION = YES;
				CLANG_WARN_OBJC_IMPLICIT_RETAIN_SELF = YES;
				CLANG_WARN_OBJC_LITERAL_CONVERSION = YES;
				CLANG_WARN_OBJC_ROOT_CLASS = YES_ERROR;
				CLANG_WARN_QUOTED_INCLUDE_IN_FRAMEWORK_HEADER = YES;
				CLANG_WARN_RANGE_LOOP_ANALYSIS = YES;
				CLANG_WARN_STRICT_PROTOTYPES = YES;
				CLANG_WARN_SUSPICIOUS_MOVE = YES;
				CLANG_WARN_UNGUARDED_AVAILABILITY = YES_AGGRESSIVE;
				CLANG_WARN_UNREACHABLE_CODE = YES;
				CLANG_WARN__DUPLICATE_METHOD_MATCH = YES;
				COPY_PHASE_STRIP = NO;
				DEBUG_INFORMATION_FORMAT = "dwarf-with-dsym";
				ENABLE_NS_ASSERTIONS = NO;
				ENABLE_STRICT_OBJC_MSGSEND = YES;
				ENABLE_USER_SCRIPT_SANDBOXING = YES;
				GCC_C_LANGUAGE_STANDARD = gnu17;
				GCC_NO_COMMON_BLOCKS = YES;
				GCC_WARN_64_TO_32_BIT_CONVERSION = YES;
				GCC_WARN_ABOUT_RETURN_TYPE = YES_ERROR;
				GCC_WARN_UNDECLARED_SELECTOR = YES;
				GCC_WARN_UNINITIALIZED_AUTOS = YES_AGGRESSIVE;
				GCC_WARN_UNUSED_FUNCTION = YES;
				GCC_WARN_UNUSED_VARIABLE = YES;
				IPHONEOS_DEPLOYMENT_TARGET = 17.4;
				LOCALIZATION_PREFERS_STRING_CATALOGS = YES;
				MTL_ENABLE_DEBUG_INFO = NO;
				MTL_FAST_MATH = YES;
				SDKROOT = iphoneos;
				SWIFT_COMPILATION_MODE = wholemodule;
				VALIDATE_PRODUCT = YES;
			};
			name = Release;
		};
		F5C286A82BEFAC680093213B /* Debug */ = {
			isa = XCBuildConfiguration;
			buildSettings = {
				ASSETCATALOG_COMPILER_APPICON_NAME = AppIcon;
				ASSETCATALOG_COMPILER_GLOBAL_ACCENT_COLOR_NAME = AccentColor;
				CODE_SIGN_STYLE = Automatic;
				CURRENT_PROJECT_VERSION = 1;
				DEVELOPMENT_ASSET_PATHS = "\"ExpenseTracker/Preview Content\"";
				ENABLE_PREVIEWS = YES;
				GENERATE_INFOPLIST_FILE = YES;
				INFOPLIST_KEY_UIApplicationSceneManifest_Generation = YES;
				INFOPLIST_KEY_UIApplicationSupportsIndirectInputEvents = YES;
				INFOPLIST_KEY_UILaunchScreen_Generation = YES;
				INFOPLIST_KEY_UISupportedInterfaceOrientations_iPad = "UIInterfaceOrientationPortrait UIInterfaceOrientationPortraitUpsideDown UIInterfaceOrientationLandscapeLeft UIInterfaceOrientationLandscapeRight";
				INFOPLIST_KEY_UISupportedInterfaceOrientations_iPhone = "UIInterfaceOrientationPortrait UIInterfaceOrientationLandscapeLeft UIInterfaceOrientationLandscapeRight";
				LD_RUNPATH_SEARCH_PATHS = (
					"$(inherited)",
					"@executable_path/Frameworks",
				);
				MARKETING_VERSION = 1.0;
				PRODUCT_BUNDLE_IDENTIFIER = DanielBauer.ExpenseTracker;
				PRODUCT_NAME = "$(TARGET_NAME)";
				SWIFT_EMIT_LOC_STRINGS = YES;
				SWIFT_VERSION = 5.0;
				TARGETED_DEVICE_FAMILY = "1,2";
			};
			name = Debug;
		};
		F5C286A92BEFAC680093213B /* Release */ = {
			isa = XCBuildConfiguration;
			buildSettings = {
				ASSETCATALOG_COMPILER_APPICON_NAME = AppIcon;
				ASSETCATALOG_COMPILER_GLOBAL_ACCENT_COLOR_NAME = AccentColor;
				CODE_SIGN_STYLE = Automatic;
				CURRENT_PROJECT_VERSION = 1;
				DEVELOPMENT_ASSET_PATHS = "\"ExpenseTracker/Preview Content\"";
				ENABLE_PREVIEWS = YES;
				GENERATE_INFOPLIST_FILE = YES;
				INFOPLIST_KEY_UIApplicationSceneManifest_Generation = YES;
				INFOPLIST_KEY_UIApplicationSupportsIndirectInputEvents = YES;
				INFOPLIST_KEY_UILaunchScreen_Generation = YES;
				INFOPLIST_KEY_UISupportedInterfaceOrientations_iPad = "UIInterfaceOrientationPortrait UIInterfaceOrientationPortraitUpsideDown UIInterfaceOrientationLandscapeLeft UIInterfaceOrientationLandscapeRight";
				INFOPLIST_KEY_UISupportedInterfaceOrientations_iPhone = "UIInterfaceOrientationPortrait UIInterfaceOrientationLandscapeLeft UIInterfaceOrientationLandscapeRight";
				LD_RUNPATH_SEARCH_PATHS = (
					"$(inherited)",
					"@executable_path/Frameworks",
				);
				MARKETING_VERSION = 1.0;
				PRODUCT_BUNDLE_IDENTIFIER = DanielBauer.ExpenseTracker;
				PRODUCT_NAME = "$(TARGET_NAME)";
				SWIFT_EMIT_LOC_STRINGS = YES;
				SWIFT_VERSION = 5.0;
				TARGETED_DEVICE_FAMILY = "1,2";
			};
			name = Release;
		};
/* End XCBuildConfiguration section */

/* Begin XCConfigurationList section */
		F5C286942BEFAC670093213B /* Build configuration list for PBXProject "ExpenseTracker" */ = {
			isa = XCConfigurationList;
			buildConfigurations = (
				F5C286A52BEFAC680093213B /* Debug */,
				F5C286A62BEFAC680093213B /* Release */,
			);
			defaultConfigurationIsVisible = 0;
			defaultConfigurationName = Release;
		};
		F5C286A72BEFAC680093213B /* Build configuration list for PBXNativeTarget "ExpenseTracker" */ = {
			isa = XCConfigurationList;
			buildConfigurations = (
				F5C286A82BEFAC680093213B /* Debug */,
				F5C286A92BEFAC680093213B /* Release */,
			);
			defaultConfigurationIsVisible = 0;
			defaultConfigurationName = Release;
		};
/* End XCConfigurationList section */

/* Begin XCRemoteSwiftPackageReference section */
		F52986F12BF0CCEB006A41EE /* XCRemoteSwiftPackageReference "swift-collections" */ = {
			isa = XCRemoteSwiftPackageReference;
			repositoryURL = "https://github.com/apple/swift-collections.git";
			requirement = {
				kind = upToNextMajorVersion;
				minimumVersion = 1.1.0;
			};
		};
		F52986FA2BF0D9D9006A41EE /* XCRemoteSwiftPackageReference "ChartView" */ = {
			isa = XCRemoteSwiftPackageReference;
			repositoryURL = "https://github.com/AppPear/ChartView";
			requirement = {
				kind = exactVersion;
				version = "2.0.0-beta.2";
			};
		};
		F5F083EC2BEFDB1600188010 /* XCRemoteSwiftPackageReference "SwiftUIFontIcon" */ = {
			isa = XCRemoteSwiftPackageReference;
			repositoryURL = "https://github.com/huybuidac/SwiftUIFontIcon.git";
			requirement = {
				branch = master;
				kind = branch;
			};
		};
/* End XCRemoteSwiftPackageReference section */

/* Begin XCSwiftPackageProductDependency section */
		F52986F22BF0CDD0006A41EE /* Collections */ = {
			isa = XCSwiftPackageProductDependency;
			package = F52986F12BF0CCEB006A41EE /* XCRemoteSwiftPackageReference "swift-collections" */;
			productName = Collections;
		};
		F52986FB2BF0D9D9006A41EE /* SwiftUICharts */ = {
			isa = XCSwiftPackageProductDependency;
			package = F52986FA2BF0D9D9006A41EE /* XCRemoteSwiftPackageReference "ChartView" */;
			productName = SwiftUICharts;
		};
		F5F083ED2BEFDB1600188010 /* SwiftUIFontIcon */ = {
			isa = XCSwiftPackageProductDependency;
			package = F5F083EC2BEFDB1600188010 /* XCRemoteSwiftPackageReference "SwiftUIFontIcon" */;
			productName = SwiftUIFontIcon;
		};
/* End XCSwiftPackageProductDependency section */
	};
	rootObject = F5C286912BEFAC670093213B /* Project object */;
}
